// !$*UTF8*$!
{
	archiveVersion = 1;
	classes = {
	};
	objectVersion = 56;
	objects = {

/* Begin PBXBuildFile section */
		099F9EC22A8F933B00F4D31F /* DetailViewController.swift in Sources */ = {isa = PBXBuildFile; fileRef = 099F9EBA2A8F933B00F4D31F /* DetailViewController.swift */; };
		099F9EC32A8F933B00F4D31F /* Item.swift in Sources */ = {isa = PBXBuildFile; fileRef = 099F9EBB2A8F933B00F4D31F /* Item.swift */; };
		099F9EC42A8F933B00F4D31F /* Theme.swift in Sources */ = {isa = PBXBuildFile; fileRef = 099F9EBC2A8F933B00F4D31F /* Theme.swift */; };
		099F9EC52A8F933B00F4D31F /* AddStockViewController.swift in Sources */ = {isa = PBXBuildFile; fileRef = 099F9EBD2A8F933B00F4D31F /* AddStockViewController.swift */; };
		099F9EC62A8F933B00F4D31F /* UpdateLabel.swift in Sources */ = {isa = PBXBuildFile; fileRef = 099F9EBE2A8F933B00F4D31F /* UpdateLabel.swift */; };
		099F9EC72A8F933B00F4D31F /* MyStocksViewController.swift in Sources */ = {isa = PBXBuildFile; fileRef = 099F9EBF2A8F933B00F4D31F /* MyStocksViewController.swift */; };
		099F9EC82A8F933B00F4D31F /* UserDefault.swift in Sources */ = {isa = PBXBuildFile; fileRef = 099F9EC02A8F933B00F4D31F /* UserDefault.swift */; };
		099F9EC92A8F933B00F4D31F /* Extension.swift in Sources */ = {isa = PBXBuildFile; fileRef = 099F9EC12A8F933B00F4D31F /* Extension.swift */; };
		099F9ED12A8F938300F4D31F /* Provider.swift in Sources */ = {isa = PBXBuildFile; fileRef = 099F9ECC2A8F938300F4D31F /* Provider.swift */; };
		099F9ED22A8F938300F4D31F /* Finnhub.swift in Sources */ = {isa = PBXBuildFile; fileRef = 099F9ECD2A8F938300F4D31F /* Finnhub.swift */; };
		099F9ED32A8F938300F4D31F /* MyQuote.swift in Sources */ = {isa = PBXBuildFile; fileRef = 099F9ECE2A8F938300F4D31F /* MyQuote.swift */; };
		09A6E6BD2A8E9F7D004D1F17 /* AppDelegate.swift in Sources */ = {isa = PBXBuildFile; fileRef = 09A6E6BC2A8E9F7D004D1F17 /* AppDelegate.swift */; };
		09A6E6BF2A8E9F7D004D1F17 /* SceneDelegate.swift in Sources */ = {isa = PBXBuildFile; fileRef = 09A6E6BE2A8E9F7D004D1F17 /* SceneDelegate.swift */; };
		09A6E6C12A8E9F7D004D1F17 /* ViewController.swift in Sources */ = {isa = PBXBuildFile; fileRef = 09A6E6C02A8E9F7D004D1F17 /* ViewController.swift */; };
		09A6E6C42A8E9F7D004D1F17 /* Main.storyboard in Resources */ = {isa = PBXBuildFile; fileRef = 09A6E6C22A8E9F7D004D1F17 /* Main.storyboard */; };
		09A6E6C62A8E9F7E004D1F17 /* Assets.xcassets in Resources */ = {isa = PBXBuildFile; fileRef = 09A6E6C52A8E9F7E004D1F17 /* Assets.xcassets */; };
		09A6E6C92A8E9F7E004D1F17 /* LaunchScreen.storyboard in Resources */ = {isa = PBXBuildFile; fileRef = 09A6E6C72A8E9F7E004D1F17 /* LaunchScreen.storyboard */; };
		09A6E6D42A8E9F7E004D1F17 /* Sample_Stocks_AppTests.swift in Sources */ = {isa = PBXBuildFile; fileRef = 09A6E6D32A8E9F7E004D1F17 /* Sample_Stocks_AppTests.swift */; };
		09A6E6DE2A8E9F7E004D1F17 /* Sample_Stocks_AppUITests.swift in Sources */ = {isa = PBXBuildFile; fileRef = 09A6E6DD2A8E9F7E004D1F17 /* Sample_Stocks_AppUITests.swift */; };
		09A6E6E02A8E9F7E004D1F17 /* Sample_Stocks_AppUITestsLaunchTests.swift in Sources */ = {isa = PBXBuildFile; fileRef = 09A6E6DF2A8E9F7E004D1F17 /* Sample_Stocks_AppUITestsLaunchTests.swift */; };
		09FCE7192AA616C900ADBB12 /* StockPictureViewController.swift in Sources */ = {isa = PBXBuildFile; fileRef = 09FCE7182AA616C900ADBB12 /* StockPictureViewController.swift */; };
/* End PBXBuildFile section */

/* Begin PBXContainerItemProxy section */
		09A6E6D02A8E9F7E004D1F17 /* PBXContainerItemProxy */ = {
			isa = PBXContainerItemProxy;
			containerPortal = 09A6E6B12A8E9F7D004D1F17 /* Project object */;
			proxyType = 1;
			remoteGlobalIDString = 09A6E6B82A8E9F7D004D1F17;
			remoteInfo = "Sample Stocks App";
		};
		09A6E6DA2A8E9F7E004D1F17 /* PBXContainerItemProxy */ = {
			isa = PBXContainerItemProxy;
			containerPortal = 09A6E6B12A8E9F7D004D1F17 /* Project object */;
			proxyType = 1;
			remoteGlobalIDString = 09A6E6B82A8E9F7D004D1F17;
			remoteInfo = "Sample Stocks App";
		};
/* End PBXContainerItemProxy section */

/* Begin PBXFileReference section */
		099F9EBA2A8F933B00F4D31F /* DetailViewController.swift */ = {isa = PBXFileReference; fileEncoding = 4; lastKnownFileType = sourcecode.swift; path = DetailViewController.swift; sourceTree = "<group>"; };
		099F9EBB2A8F933B00F4D31F /* Item.swift */ = {isa = PBXFileReference; fileEncoding = 4; lastKnownFileType = sourcecode.swift; path = Item.swift; sourceTree = "<group>"; };
		099F9EBC2A8F933B00F4D31F /* Theme.swift */ = {isa = PBXFileReference; fileEncoding = 4; lastKnownFileType = sourcecode.swift; path = Theme.swift; sourceTree = "<group>"; };
		099F9EBD2A8F933B00F4D31F /* AddStockViewController.swift */ = {isa = PBXFileReference; fileEncoding = 4; lastKnownFileType = sourcecode.swift; path = AddStockViewController.swift; sourceTree = "<group>"; };
		099F9EBE2A8F933B00F4D31F /* UpdateLabel.swift */ = {isa = PBXFileReference; fileEncoding = 4; lastKnownFileType = sourcecode.swift; path = UpdateLabel.swift; sourceTree = "<group>"; };
		099F9EBF2A8F933B00F4D31F /* MyStocksViewController.swift */ = {isa = PBXFileReference; fileEncoding = 4; lastKnownFileType = sourcecode.swift; path = MyStocksViewController.swift; sourceTree = "<group>"; };
		099F9EC02A8F933B00F4D31F /* UserDefault.swift */ = {isa = PBXFileReference; fileEncoding = 4; lastKnownFileType = sourcecode.swift; path = UserDefault.swift; sourceTree = "<group>"; };
		099F9EC12A8F933B00F4D31F /* Extension.swift */ = {isa = PBXFileReference; fileEncoding = 4; lastKnownFileType = sourcecode.swift; path = Extension.swift; sourceTree = "<group>"; };
		099F9ECC2A8F938300F4D31F /* Provider.swift */ = {isa = PBXFileReference; fileEncoding = 4; lastKnownFileType = sourcecode.swift; path = Provider.swift; sourceTree = "<group>"; };
		099F9ECD2A8F938300F4D31F /* Finnhub.swift */ = {isa = PBXFileReference; fileEncoding = 4; lastKnownFileType = sourcecode.swift; path = Finnhub.swift; sourceTree = "<group>"; };
		099F9ECE2A8F938300F4D31F /* MyQuote.swift */ = {isa = PBXFileReference; fileEncoding = 4; lastKnownFileType = sourcecode.swift; path = MyQuote.swift; sourceTree = "<group>"; };
		09A6E6B92A8E9F7D004D1F17 /* Stocks App.app */ = {isa = PBXFileReference; explicitFileType = wrapper.application; includeInIndex = 0; path = "Stocks App.app"; sourceTree = BUILT_PRODUCTS_DIR; };
		09A6E6BC2A8E9F7D004D1F17 /* AppDelegate.swift */ = {isa = PBXFileReference; lastKnownFileType = sourcecode.swift; path = AppDelegate.swift; sourceTree = "<group>"; };
		09A6E6BE2A8E9F7D004D1F17 /* SceneDelegate.swift */ = {isa = PBXFileReference; lastKnownFileType = sourcecode.swift; path = SceneDelegate.swift; sourceTree = "<group>"; };
		09A6E6C02A8E9F7D004D1F17 /* ViewController.swift */ = {isa = PBXFileReference; lastKnownFileType = sourcecode.swift; path = ViewController.swift; sourceTree = "<group>"; };
		09A6E6C32A8E9F7D004D1F17 /* Base */ = {isa = PBXFileReference; lastKnownFileType = file.storyboard; name = Base; path = Base.lproj/Main.storyboard; sourceTree = "<group>"; };
		09A6E6C52A8E9F7E004D1F17 /* Assets.xcassets */ = {isa = PBXFileReference; lastKnownFileType = folder.assetcatalog; path = Assets.xcassets; sourceTree = "<group>"; };
		09A6E6C82A8E9F7E004D1F17 /* Base */ = {isa = PBXFileReference; lastKnownFileType = file.storyboard; name = Base; path = Base.lproj/LaunchScreen.storyboard; sourceTree = "<group>"; };
		09A6E6CA2A8E9F7E004D1F17 /* Info.plist */ = {isa = PBXFileReference; lastKnownFileType = text.plist.xml; path = Info.plist; sourceTree = "<group>"; };
		09A6E6CF2A8E9F7E004D1F17 /* Stocks AppTests.xctest */ = {isa = PBXFileReference; explicitFileType = wrapper.cfbundle; includeInIndex = 0; path = "Stocks AppTests.xctest"; sourceTree = BUILT_PRODUCTS_DIR; };
		09A6E6D32A8E9F7E004D1F17 /* Sample_Stocks_AppTests.swift */ = {isa = PBXFileReference; lastKnownFileType = sourcecode.swift; path = Sample_Stocks_AppTests.swift; sourceTree = "<group>"; };
		09A6E6D92A8E9F7E004D1F17 /* Stocks AppUITests.xctest */ = {isa = PBXFileReference; explicitFileType = wrapper.cfbundle; includeInIndex = 0; path = "Stocks AppUITests.xctest"; sourceTree = BUILT_PRODUCTS_DIR; };
		09A6E6DD2A8E9F7E004D1F17 /* Sample_Stocks_AppUITests.swift */ = {isa = PBXFileReference; lastKnownFileType = sourcecode.swift; path = Sample_Stocks_AppUITests.swift; sourceTree = "<group>"; };
		09A6E6DF2A8E9F7E004D1F17 /* Sample_Stocks_AppUITestsLaunchTests.swift */ = {isa = PBXFileReference; lastKnownFileType = sourcecode.swift; path = Sample_Stocks_AppUITestsLaunchTests.swift; sourceTree = "<group>"; };
		09FCE7182AA616C900ADBB12 /* StockPictureViewController.swift */ = {isa = PBXFileReference; lastKnownFileType = sourcecode.swift; path = StockPictureViewController.swift; sourceTree = "<group>"; };
/* End PBXFileReference section */

/* Begin PBXFrameworksBuildPhase section */
		09A6E6B62A8E9F7D004D1F17 /* Frameworks */ = {
			isa = PBXFrameworksBuildPhase;
			buildActionMask = 2147483647;
			files = (
			);
			runOnlyForDeploymentPostprocessing = 0;
		};
		09A6E6CC2A8E9F7E004D1F17 /* Frameworks */ = {
			isa = PBXFrameworksBuildPhase;
			buildActionMask = 2147483647;
			files = (
			);
			runOnlyForDeploymentPostprocessing = 0;
		};
		09A6E6D62A8E9F7E004D1F17 /* Frameworks */ = {
			isa = PBXFrameworksBuildPhase;
			buildActionMask = 2147483647;
			files = (
			);
			runOnlyForDeploymentPostprocessing = 0;
		};
/* End PBXFrameworksBuildPhase section */

/* Begin PBXGroup section */
		09A6E6B02A8E9F7D004D1F17 = {
			isa = PBXGroup;
			children = (
				09A6E6BB2A8E9F7D004D1F17 /* Sample Stocks App */,
				09A6E6D22A8E9F7E004D1F17 /* Sample Stocks AppTests */,
				09A6E6DC2A8E9F7E004D1F17 /* Sample Stocks AppUITests */,
				09A6E6BA2A8E9F7D004D1F17 /* Products */,
			);
			sourceTree = "<group>";
		};
		09A6E6BA2A8E9F7D004D1F17 /* Products */ = {
			isa = PBXGroup;
			children = (
				09A6E6B92A8E9F7D004D1F17 /* Stocks App.app */,
				09A6E6CF2A8E9F7E004D1F17 /* Stocks AppTests.xctest */,
				09A6E6D92A8E9F7E004D1F17 /* Stocks AppUITests.xctest */,
			);
			name = Products;
			sourceTree = "<group>";
		};
		09A6E6BB2A8E9F7D004D1F17 /* Sample Stocks App */ = {
			isa = PBXGroup;
			children = (
				09A6E6FE2A8EA072004D1F17 /* Model */,
				09A6E6BC2A8E9F7D004D1F17 /* AppDelegate.swift */,
				09A6E6BE2A8E9F7D004D1F17 /* SceneDelegate.swift */,
				09A6E6C02A8E9F7D004D1F17 /* ViewController.swift */,
				09A6E6C22A8E9F7D004D1F17 /* Main.storyboard */,
				09A6E6C52A8E9F7E004D1F17 /* Assets.xcassets */,
				09A6E6C72A8E9F7E004D1F17 /* LaunchScreen.storyboard */,
				09A6E6CA2A8E9F7E004D1F17 /* Info.plist */,
				099F9EBD2A8F933B00F4D31F /* AddStockViewController.swift */,
				099F9EBA2A8F933B00F4D31F /* DetailViewController.swift */,
				099F9EC12A8F933B00F4D31F /* Extension.swift */,
				099F9EBB2A8F933B00F4D31F /* Item.swift */,
				099F9EBF2A8F933B00F4D31F /* MyStocksViewController.swift */,
				099F9EBC2A8F933B00F4D31F /* Theme.swift */,
				099F9EBE2A8F933B00F4D31F /* UpdateLabel.swift */,
				099F9EC02A8F933B00F4D31F /* UserDefault.swift */,
				09FCE7182AA616C900ADBB12 /* StockPictureViewController.swift */,
			);
			path = "Sample Stocks App";
			sourceTree = "<group>";
		};
		09A6E6D22A8E9F7E004D1F17 /* Sample Stocks AppTests */ = {
			isa = PBXGroup;
			children = (
				09A6E6D32A8E9F7E004D1F17 /* Sample_Stocks_AppTests.swift */,
			);
			path = "Sample Stocks AppTests";
			sourceTree = "<group>";
		};
		09A6E6DC2A8E9F7E004D1F17 /* Sample Stocks AppUITests */ = {
			isa = PBXGroup;
			children = (
				09A6E6DD2A8E9F7E004D1F17 /* Sample_Stocks_AppUITests.swift */,
				09A6E6DF2A8E9F7E004D1F17 /* Sample_Stocks_AppUITestsLaunchTests.swift */,
			);
			path = "Sample Stocks AppUITests";
			sourceTree = "<group>";
		};
		09A6E6FE2A8EA072004D1F17 /* Model */ = {
			isa = PBXGroup;
			children = (
				099F9ECD2A8F938300F4D31F /* Finnhub.swift */,
				099F9ECE2A8F938300F4D31F /* MyQuote.swift */,
				099F9ECC2A8F938300F4D31F /* Provider.swift */,
			);
			path = Model;
			sourceTree = "<group>";
		};
/* End PBXGroup section */

/* Begin PBXNativeTarget section */
		09A6E6B82A8E9F7D004D1F17 /* Stocks App */ = {
			isa = PBXNativeTarget;
			buildConfigurationList = 09A6E6E32A8E9F7E004D1F17 /* Build configuration list for PBXNativeTarget "Stocks App" */;
			buildPhases = (
				09A6E6B52A8E9F7D004D1F17 /* Sources */,
				09A6E6B62A8E9F7D004D1F17 /* Frameworks */,
				09A6E6B72A8E9F7D004D1F17 /* Resources */,
			);
			buildRules = (
			);
			dependencies = (
			);
			name = "Stocks App";
			productName = "Sample Stocks App";
			productReference = 09A6E6B92A8E9F7D004D1F17 /* Stocks App.app */;
			productType = "com.apple.product-type.application";
		};
		09A6E6CE2A8E9F7E004D1F17 /* Stocks AppTests */ = {
			isa = PBXNativeTarget;
			buildConfigurationList = 09A6E6E62A8E9F7E004D1F17 /* Build configuration list for PBXNativeTarget "Stocks AppTests" */;
			buildPhases = (
				09A6E6CB2A8E9F7E004D1F17 /* Sources */,
				09A6E6CC2A8E9F7E004D1F17 /* Frameworks */,
				09A6E6CD2A8E9F7E004D1F17 /* Resources */,
			);
			buildRules = (
			);
			dependencies = (
				09A6E6D12A8E9F7E004D1F17 /* PBXTargetDependency */,
			);
			name = "Stocks AppTests";
			productName = "Sample Stocks AppTests";
			productReference = 09A6E6CF2A8E9F7E004D1F17 /* Stocks AppTests.xctest */;
			productType = "com.apple.product-type.bundle.unit-test";
		};
		09A6E6D82A8E9F7E004D1F17 /* Stocks AppUITests */ = {
			isa = PBXNativeTarget;
			buildConfigurationList = 09A6E6E92A8E9F7E004D1F17 /* Build configuration list for PBXNativeTarget "Stocks AppUITests" */;
			buildPhases = (
				09A6E6D52A8E9F7E004D1F17 /* Sources */,
				09A6E6D62A8E9F7E004D1F17 /* Frameworks */,
				09A6E6D72A8E9F7E004D1F17 /* Resources */,
			);
			buildRules = (
			);
			dependencies = (
				09A6E6DB2A8E9F7E004D1F17 /* PBXTargetDependency */,
			);
			name = "Stocks AppUITests";
			productName = "Sample Stocks AppUITests";
			productReference = 09A6E6D92A8E9F7E004D1F17 /* Stocks AppUITests.xctest */;
			productType = "com.apple.product-type.bundle.ui-testing";
		};
/* End PBXNativeTarget section */

/* Begin PBXProject section */
		09A6E6B12A8E9F7D004D1F17 /* Project object */ = {
			isa = PBXProject;
			attributes = {
				BuildIndependentTargetsInParallel = 1;
				LastSwiftUpdateCheck = 1430;
				LastUpgradeCheck = 1430;
				TargetAttributes = {
					09A6E6B82A8E9F7D004D1F17 = {
						CreatedOnToolsVersion = 14.3.1;
					};
					09A6E6CE2A8E9F7E004D1F17 = {
						CreatedOnToolsVersion = 14.3.1;
						TestTargetID = 09A6E6B82A8E9F7D004D1F17;
					};
					09A6E6D82A8E9F7E004D1F17 = {
						CreatedOnToolsVersion = 14.3.1;
						TestTargetID = 09A6E6B82A8E9F7D004D1F17;
					};
				};
			};
			buildConfigurationList = 09A6E6B42A8E9F7D004D1F17 /* Build configuration list for PBXProject "Stocks App" */;
			compatibilityVersion = "Xcode 14.0";
			developmentRegion = en;
			hasScannedForEncodings = 0;
			knownRegions = (
				en,
				Base,
			);
			mainGroup = 09A6E6B02A8E9F7D004D1F17;
			productRefGroup = 09A6E6BA2A8E9F7D004D1F17 /* Products */;
			projectDirPath = "";
			projectRoot = "";
			targets = (
				09A6E6B82A8E9F7D004D1F17 /* Stocks App */,
				09A6E6CE2A8E9F7E004D1F17 /* Stocks AppTests */,
				09A6E6D82A8E9F7E004D1F17 /* Stocks AppUITests */,
			);
		};
/* End PBXProject section */

/* Begin PBXResourcesBuildPhase section */
		09A6E6B72A8E9F7D004D1F17 /* Resources */ = {
			isa = PBXResourcesBuildPhase;
			buildActionMask = 2147483647;
			files = (
				09A6E6C92A8E9F7E004D1F17 /* LaunchScreen.storyboard in Resources */,
				09A6E6C62A8E9F7E004D1F17 /* Assets.xcassets in Resources */,
				09A6E6C42A8E9F7D004D1F17 /* Main.storyboard in Resources */,
			);
			runOnlyForDeploymentPostprocessing = 0;
		};
		09A6E6CD2A8E9F7E004D1F17 /* Resources */ = {
			isa = PBXResourcesBuildPhase;
			buildActionMask = 2147483647;
			files = (
			);
			runOnlyForDeploymentPostprocessing = 0;
		};
		09A6E6D72A8E9F7E004D1F17 /* Resources */ = {
			isa = PBXResourcesBuildPhase;
			buildActionMask = 2147483647;
			files = (
			);
			runOnlyForDeploymentPostprocessing = 0;
		};
/* End PBXResourcesBuildPhase section */

/* Begin PBXSourcesBuildPhase section */
		09A6E6B52A8E9F7D004D1F17 /* Sources */ = {
			isa = PBXSourcesBuildPhase;
			buildActionMask = 2147483647;
			files = (
				099F9EC62A8F933B00F4D31F /* UpdateLabel.swift in Sources */,
				099F9EC32A8F933B00F4D31F /* Item.swift in Sources */,
				099F9ED12A8F938300F4D31F /* Provider.swift in Sources */,
				099F9EC82A8F933B00F4D31F /* UserDefault.swift in Sources */,
				099F9EC22A8F933B00F4D31F /* DetailViewController.swift in Sources */,
				09A6E6C12A8E9F7D004D1F17 /* ViewController.swift in Sources */,
				099F9ED22A8F938300F4D31F /* Finnhub.swift in Sources */,
				099F9EC72A8F933B00F4D31F /* MyStocksViewController.swift in Sources */,
				099F9EC92A8F933B00F4D31F /* Extension.swift in Sources */,
				09FCE7192AA616C900ADBB12 /* StockPictureViewController.swift in Sources */,
				099F9EC42A8F933B00F4D31F /* Theme.swift in Sources */,
				09A6E6BD2A8E9F7D004D1F17 /* AppDelegate.swift in Sources */,
				099F9ED32A8F938300F4D31F /* MyQuote.swift in Sources */,
				09A6E6BF2A8E9F7D004D1F17 /* SceneDelegate.swift in Sources */,
				099F9EC52A8F933B00F4D31F /* AddStockViewController.swift in Sources */,
			);
			runOnlyForDeploymentPostprocessing = 0;
		};
		09A6E6CB2A8E9F7E004D1F17 /* Sources */ = {
			isa = PBXSourcesBuildPhase;
			buildActionMask = 2147483647;
			files = (
				09A6E6D42A8E9F7E004D1F17 /* Sample_Stocks_AppTests.swift in Sources */,
			);
			runOnlyForDeploymentPostprocessing = 0;
		};
		09A6E6D52A8E9F7E004D1F17 /* Sources */ = {
			isa = PBXSourcesBuildPhase;
			buildActionMask = 2147483647;
			files = (
				09A6E6DE2A8E9F7E004D1F17 /* Sample_Stocks_AppUITests.swift in Sources */,
				09A6E6E02A8E9F7E004D1F17 /* Sample_Stocks_AppUITestsLaunchTests.swift in Sources */,
			);
			runOnlyForDeploymentPostprocessing = 0;
		};
/* End PBXSourcesBuildPhase section */

/* Begin PBXTargetDependency section */
		09A6E6D12A8E9F7E004D1F17 /* PBXTargetDependency */ = {
			isa = PBXTargetDependency;
			target = 09A6E6B82A8E9F7D004D1F17 /* Stocks App */;
			targetProxy = 09A6E6D02A8E9F7E004D1F17 /* PBXContainerItemProxy */;
		};
		09A6E6DB2A8E9F7E004D1F17 /* PBXTargetDependency */ = {
			isa = PBXTargetDependency;
			target = 09A6E6B82A8E9F7D004D1F17 /* Stocks App */;
			targetProxy = 09A6E6DA2A8E9F7E004D1F17 /* PBXContainerItemProxy */;
		};
/* End PBXTargetDependency section */

/* Begin PBXVariantGroup section */
		09A6E6C22A8E9F7D004D1F17 /* Main.storyboard */ = {
			isa = PBXVariantGroup;
			children = (
				09A6E6C32A8E9F7D004D1F17 /* Base */,
			);
			name = Main.storyboard;
			sourceTree = "<group>";
		};
		09A6E6C72A8E9F7E004D1F17 /* LaunchScreen.storyboard */ = {
			isa = PBXVariantGroup;
			children = (
				09A6E6C82A8E9F7E004D1F17 /* Base */,
			);
			name = LaunchScreen.storyboard;
			sourceTree = "<group>";
		};
/* End PBXVariantGroup section */

/* Begin XCBuildConfiguration section */
		09A6E6E12A8E9F7E004D1F17 /* Debug */ = {
			isa = XCBuildConfiguration;
			buildSettings = {
				ALWAYS_SEARCH_USER_PATHS = NO;
				CLANG_ANALYZER_NONNULL = YES;
				CLANG_ANALYZER_NUMBER_OBJECT_CONVERSION = YES_AGGRESSIVE;
				CLANG_CXX_LANGUAGE_STANDARD = "gnu++20";
				CLANG_ENABLE_MODULES = YES;
				CLANG_ENABLE_OBJC_ARC = YES;
				CLANG_ENABLE_OBJC_WEAK = YES;
				CLANG_WARN_BLOCK_CAPTURE_AUTORELEASING = YES;
				CLANG_WARN_BOOL_CONVERSION = YES;
				CLANG_WARN_COMMA = YES;
				CLANG_WARN_CONSTANT_CONVERSION = YES;
				CLANG_WARN_DEPRECATED_OBJC_IMPLEMENTATIONS = YES;
				CLANG_WARN_DIRECT_OBJC_ISA_USAGE = YES_ERROR;
				CLANG_WARN_DOCUMENTATION_COMMENTS = YES;
				CLANG_WARN_EMPTY_BODY = YES;
				CLANG_WARN_ENUM_CONVERSION = YES;
				CLANG_WARN_INFINITE_RECURSION = YES;
				CLANG_WARN_INT_CONVERSION = YES;
				CLANG_WARN_NON_LITERAL_NULL_CONVERSION = YES;
				CLANG_WARN_OBJC_IMPLICIT_RETAIN_SELF = YES;
				CLANG_WARN_OBJC_LITERAL_CONVERSION = YES;
				CLANG_WARN_OBJC_ROOT_CLASS = YES_ERROR;
				CLANG_WARN_QUOTED_INCLUDE_IN_FRAMEWORK_HEADER = YES;
				CLANG_WARN_RANGE_LOOP_ANALYSIS = YES;
				CLANG_WARN_STRICT_PROTOTYPES = YES;
				CLANG_WARN_SUSPICIOUS_MOVE = YES;
				CLANG_WARN_UNGUARDED_AVAILABILITY = YES_AGGRESSIVE;
				CLANG_WARN_UNREACHABLE_CODE = YES;
				CLANG_WARN__DUPLICATE_METHOD_MATCH = YES;
				COPY_PHASE_STRIP = NO;
				DEBUG_INFORMATION_FORMAT = dwarf;
				ENABLE_STRICT_OBJC_MSGSEND = YES;
				ENABLE_TESTABILITY = YES;
				GCC_C_LANGUAGE_STANDARD = gnu11;
				GCC_DYNAMIC_NO_PIC = NO;
				GCC_NO_COMMON_BLOCKS = YES;
				GCC_OPTIMIZATION_LEVEL = 0;
				GCC_PREPROCESSOR_DEFINITIONS = (
					"DEBUG=1",
					"$(inherited)",
				);
				GCC_WARN_64_TO_32_BIT_CONVERSION = YES;
				GCC_WARN_ABOUT_RETURN_TYPE = YES_ERROR;
				GCC_WARN_UNDECLARED_SELECTOR = YES;
				GCC_WARN_UNINITIALIZED_AUTOS = YES_AGGRESSIVE;
				GCC_WARN_UNUSED_FUNCTION = YES;
				GCC_WARN_UNUSED_VARIABLE = YES;
				IPHONEOS_DEPLOYMENT_TARGET = 16.4;
				MTL_ENABLE_DEBUG_INFO = INCLUDE_SOURCE;
				MTL_FAST_MATH = YES;
				ONLY_ACTIVE_ARCH = YES;
				SDKROOT = iphoneos;
				SWIFT_ACTIVE_COMPILATION_CONDITIONS = DEBUG;
				SWIFT_OPTIMIZATION_LEVEL = "-Onone";
			};
			name = Debug;
		};
		09A6E6E22A8E9F7E004D1F17 /* Release */ = {
			isa = XCBuildConfiguration;
			buildSettings = {
				ALWAYS_SEARCH_USER_PATHS = NO;
				CLANG_ANALYZER_NONNULL = YES;
				CLANG_ANALYZER_NUMBER_OBJECT_CONVERSION = YES_AGGRESSIVE;
				CLANG_CXX_LANGUAGE_STANDARD = "gnu++20";
				CLANG_ENABLE_MODULES = YES;
				CLANG_ENABLE_OBJC_ARC = YES;
				CLANG_ENABLE_OBJC_WEAK = YES;
				CLANG_WARN_BLOCK_CAPTURE_AUTORELEASING = YES;
				CLANG_WARN_BOOL_CONVERSION = YES;
				CLANG_WARN_COMMA = YES;
				CLANG_WARN_CONSTANT_CONVERSION = YES;
				CLANG_WARN_DEPRECATED_OBJC_IMPLEMENTATIONS = YES;
				CLANG_WARN_DIRECT_OBJC_ISA_USAGE = YES_ERROR;
				CLANG_WARN_DOCUMENTATION_COMMENTS = YES;
				CLANG_WARN_EMPTY_BODY = YES;
				CLANG_WARN_ENUM_CONVERSION = YES;
				CLANG_WARN_INFINITE_RECURSION = YES;
				CLANG_WARN_INT_CONVERSION = YES;
				CLANG_WARN_NON_LITERAL_NULL_CONVERSION = YES;
				CLANG_WARN_OBJC_IMPLICIT_RETAIN_SELF = YES;
				CLANG_WARN_OBJC_LITERAL_CONVERSION = YES;
				CLANG_WARN_OBJC_ROOT_CLASS = YES_ERROR;
				CLANG_WARN_QUOTED_INCLUDE_IN_FRAMEWORK_HEADER = YES;
				CLANG_WARN_RANGE_LOOP_ANALYSIS = YES;
				CLANG_WARN_STRICT_PROTOTYPES = YES;
				CLANG_WARN_SUSPICIOUS_MOVE = YES;
				CLANG_WARN_UNGUARDED_AVAILABILITY = YES_AGGRESSIVE;
				CLANG_WARN_UNREACHABLE_CODE = YES;
				CLANG_WARN__DUPLICATE_METHOD_MATCH = YES;
				COPY_PHASE_STRIP = NO;
				DEBUG_INFORMATION_FORMAT = "dwarf-with-dsym";
				ENABLE_NS_ASSERTIONS = NO;
				ENABLE_STRICT_OBJC_MSGSEND = YES;
				GCC_C_LANGUAGE_STANDARD = gnu11;
				GCC_NO_COMMON_BLOCKS = YES;
				GCC_WARN_64_TO_32_BIT_CONVERSION = YES;
				GCC_WARN_ABOUT_RETURN_TYPE = YES_ERROR;
				GCC_WARN_UNDECLARED_SELECTOR = YES;
				GCC_WARN_UNINITIALIZED_AUTOS = YES_AGGRESSIVE;
				GCC_WARN_UNUSED_FUNCTION = YES;
				GCC_WARN_UNUSED_VARIABLE = YES;
				IPHONEOS_DEPLOYMENT_TARGET = 16.4;
				MTL_ENABLE_DEBUG_INFO = NO;
				MTL_FAST_MATH = YES;
				SDKROOT = iphoneos;
				SWIFT_COMPILATION_MODE = wholemodule;
				SWIFT_OPTIMIZATION_LEVEL = "-O";
				VALIDATE_PRODUCT = YES;
			};
			name = Release;
		};
		09A6E6E42A8E9F7E004D1F17 /* Debug */ = {
			isa = XCBuildConfiguration;
			buildSettings = {
				ASSETCATALOG_COMPILER_APPICON_NAME = AppIcon;
				ASSETCATALOG_COMPILER_GLOBAL_ACCENT_COLOR_NAME = AccentColor;
				CODE_SIGN_STYLE = Automatic;
				CURRENT_PROJECT_VERSION = 1;
				GENERATE_INFOPLIST_FILE = YES;
				INFOPLIST_FILE = "Sample Stocks App/Info.plist";
				INFOPLIST_KEY_UIApplicationSupportsIndirectInputEvents = YES;
				INFOPLIST_KEY_UILaunchStoryboardName = LaunchScreen;
				INFOPLIST_KEY_UIMainStoryboardFile = Main;
				INFOPLIST_KEY_UISupportedInterfaceOrientations_iPad = "UIInterfaceOrientationPortrait UIInterfaceOrientationPortraitUpsideDown UIInterfaceOrientationLandscapeLeft UIInterfaceOrientationLandscapeRight";
				INFOPLIST_KEY_UISupportedInterfaceOrientations_iPhone = "UIInterfaceOrientationPortrait UIInterfaceOrientationLandscapeLeft UIInterfaceOrientationLandscapeRight";
				LD_RUNPATH_SEARCH_PATHS = (
					"$(inherited)",
					"@executable_path/Frameworks",
				);
				MARKETING_VERSION = 1.0;
				PRODUCT_BUNDLE_IDENTIFIER = "sampleT.Sample-Stocks-App";
				PRODUCT_NAME = "$(TARGET_NAME)";
				SWIFT_EMIT_LOC_STRINGS = YES;
				SWIFT_VERSION = 5.0;
				TARGETED_DEVICE_FAMILY = "1,2";
			};
			name = Debug;
		};
		09A6E6E52A8E9F7E004D1F17 /* Release */ = {
			isa = XCBuildConfiguration;
			buildSettings = {
				ASSETCATALOG_COMPILER_APPICON_NAME = AppIcon;
				ASSETCATALOG_COMPILER_GLOBAL_ACCENT_COLOR_NAME = AccentColor;
				CODE_SIGN_STYLE = Automatic;
				CURRENT_PROJECT_VERSION = 1;
				GENERATE_INFOPLIST_FILE = YES;
				INFOPLIST_FILE = "Sample Stocks App/Info.plist";
				INFOPLIST_KEY_UIApplicationSupportsIndirectInputEvents = YES;
				INFOPLIST_KEY_UILaunchStoryboardName = LaunchScreen;
				INFOPLIST_KEY_UIMainStoryboardFile = Main;
				INFOPLIST_KEY_UISupportedInterfaceOrientations_iPad = "UIInterfaceOrientationPortrait UIInterfaceOrientationPortraitUpsideDown UIInterfaceOrientationLandscapeLeft UIInterfaceOrientationLandscapeRight";
				INFOPLIST_KEY_UISupportedInterfaceOrientations_iPhone = "UIInterfaceOrientationPortrait UIInterfaceOrientationLandscapeLeft UIInterfaceOrientationLandscapeRight";
				LD_RUNPATH_SEARCH_PATHS = (
					"$(inherited)",
					"@executable_path/Frameworks",
				);
				MARKETING_VERSION = 1.0;
				PRODUCT_BUNDLE_IDENTIFIER = "sampleT.Sample-Stocks-App";
				PRODUCT_NAME = "$(TARGET_NAME)";
				SWIFT_EMIT_LOC_STRINGS = YES;
				SWIFT_VERSION = 5.0;
				TARGETED_DEVICE_FAMILY = "1,2";
			};
			name = Release;
		};
		09A6E6E72A8E9F7E004D1F17 /* Debug */ = {
			isa = XCBuildConfiguration;
			buildSettings = {
				ALWAYS_EMBED_SWIFT_STANDARD_LIBRARIES = YES;
				BUNDLE_LOADER = "$(TEST_HOST)";
				CODE_SIGN_STYLE = Automatic;
				CURRENT_PROJECT_VERSION = 1;
				GENERATE_INFOPLIST_FILE = YES;
				IPHONEOS_DEPLOYMENT_TARGET = 16.4;
				MARKETING_VERSION = 1.0;
				PRODUCT_BUNDLE_IDENTIFIER = "sampleT.Sample-Stocks-AppTests";
				PRODUCT_NAME = "$(TARGET_NAME)";
				SWIFT_EMIT_LOC_STRINGS = NO;
				SWIFT_VERSION = 5.0;
				TARGETED_DEVICE_FAMILY = "1,2";
				TEST_HOST = "$(BUILT_PRODUCTS_DIR)/Stocks App.app/$(BUNDLE_EXECUTABLE_FOLDER_PATH)/Stocks App";
			};
			name = Debug;
		};
		09A6E6E82A8E9F7E004D1F17 /* Release */ = {
			isa = XCBuildConfiguration;
			buildSettings = {
				ALWAYS_EMBED_SWIFT_STANDARD_LIBRARIES = YES;
				BUNDLE_LOADER = "$(TEST_HOST)";
				CODE_SIGN_STYLE = Automatic;
				CURRENT_PROJECT_VERSION = 1;
				GENERATE_INFOPLIST_FILE = YES;
				IPHONEOS_DEPLOYMENT_TARGET = 16.4;
				MARKETING_VERSION = 1.0;
				PRODUCT_BUNDLE_IDENTIFIER = "sampleT.Sample-Stocks-AppTests";
				PRODUCT_NAME = "$(TARGET_NAME)";
				SWIFT_EMIT_LOC_STRINGS = NO;
				SWIFT_VERSION = 5.0;
				TARGETED_DEVICE_FAMILY = "1,2";
				TEST_HOST = "$(BUILT_PRODUCTS_DIR)/Stocks App.app/$(BUNDLE_EXECUTABLE_FOLDER_PATH)/Stocks App";
			};
			name = Release;
		};
		09A6E6EA2A8E9F7E004D1F17 /* Debug */ = {
			isa = XCBuildConfiguration;
			buildSettings = {
				ALWAYS_EMBED_SWIFT_STANDARD_LIBRARIES = YES;
				CODE_SIGN_STYLE = Automatic;
				CURRENT_PROJECT_VERSION = 1;
				GENERATE_INFOPLIST_FILE = YES;
				MARKETING_VERSION = 1.0;
				PRODUCT_BUNDLE_IDENTIFIER = "sampleT.Sample-Stocks-AppUITests";
				PRODUCT_NAME = "$(TARGET_NAME)";
				SWIFT_EMIT_LOC_STRINGS = NO;
				SWIFT_VERSION = 5.0;
				TARGETED_DEVICE_FAMILY = "1,2";
				TEST_TARGET_NAME = "Sample Stocks App";
			};
			name = Debug;
		};
		09A6E6EB2A8E9F7E004D1F17 /* Release */ = {
			isa = XCBuildConfiguration;
			buildSettings = {
				ALWAYS_EMBED_SWIFT_STANDARD_LIBRARIES = YES;
				CODE_SIGN_STYLE = Automatic;
				CURRENT_PROJECT_VERSION = 1;
				GENERATE_INFOPLIST_FILE = YES;
				MARKETING_VERSION = 1.0;
				PRODUCT_BUNDLE_IDENTIFIER = "sampleT.Sample-Stocks-AppUITests";
				PRODUCT_NAME = "$(TARGET_NAME)";
				SWIFT_EMIT_LOC_STRINGS = NO;
				SWIFT_VERSION = 5.0;
				TARGETED_DEVICE_FAMILY = "1,2";
				TEST_TARGET_NAME = "Sample Stocks App";
			};
			name = Release;
		};
/* End XCBuildConfiguration section */

/* Begin XCConfigurationList section */
		09A6E6B42A8E9F7D004D1F17 /* Build configuration list for PBXProject "Stocks App" */ = {
			isa = XCConfigurationList;
			buildConfigurations = (
				09A6E6E12A8E9F7E004D1F17 /* Debug */,
				09A6E6E22A8E9F7E004D1F17 /* Release */,
			);
			defaultConfigurationIsVisible = 0;
			defaultConfigurationName = Release;
		};
		09A6E6E32A8E9F7E004D1F17 /* Build configuration list for PBXNativeTarget "Stocks App" */ = {
			isa = XCConfigurationList;
			buildConfigurations = (
				09A6E6E42A8E9F7E004D1F17 /* Debug */,
				09A6E6E52A8E9F7E004D1F17 /* Release */,
			);
			defaultConfigurationIsVisible = 0;
			defaultConfigurationName = Release;
		};
		09A6E6E62A8E9F7E004D1F17 /* Build configuration list for PBXNativeTarget "Stocks AppTests" */ = {
			isa = XCConfigurationList;
			buildConfigurations = (
				09A6E6E72A8E9F7E004D1F17 /* Debug */,
				09A6E6E82A8E9F7E004D1F17 /* Release */,
			);
			defaultConfigurationIsVisible = 0;
			defaultConfigurationName = Release;
		};
		09A6E6E92A8E9F7E004D1F17 /* Build configuration list for PBXNativeTarget "Stocks AppUITests" */ = {
			isa = XCConfigurationList;
			buildConfigurations = (
				09A6E6EA2A8E9F7E004D1F17 /* Debug */,
				09A6E6EB2A8E9F7E004D1F17 /* Release */,
			);
			defaultConfigurationIsVisible = 0;
			defaultConfigurationName = Release;
		};
/* End XCConfigurationList section */
	};
	rootObject = 09A6E6B12A8E9F7D004D1F17 /* Project object */;
}
